
Microsoft Visual Studio Solution File, Format Version 12.00
# Visual Studio Version 17
VisualStudioVersion = 17.2.32630.192
MinimumVisualStudioVersion = 10.0.40219.1
Project("{FAE04EC0-301F-11D3-BF4B-00C04F79EFBC}") = "MyProject.Repositories", "MyProject.Repositories\MyProject.Repositories.csproj", "{C0D42514-6F24-4DB3-9C47-19A77838074B}"
EndProject
Global
	GlobalSection(SolutionConfigurationPlatforms) = preSolution
		Debug|Any CPU = Debug|Any CPU
		Release|Any CPU = Release|Any CPU
	EndGlobalSection
	GlobalSection(ProjectConfigurationPlatforms) = postSolution
		{C0D42514-6F24-4DB3-9C47-19A77838074B}.Debug|Any CPU.ActiveCfg = Debug|Any CPU
		{C0D42514-6F24-4DB3-9C47-19A77838074B}.Debug|Any CPU.Build.0 = Debug|Any CPU
		{C0D42514-6F24-4DB3-9C47-19A77838074B}.Release|Any CPU.ActiveCfg = Release|Any CPU
		{C0D42514-6F24-4DB3-9C47-19A77838074B}.Release|Any CPU.Build.0 = Release|Any CPU
	EndGlobalSection
	GlobalSection(SolutionProperties) = preSolution
		HideSolutionNode = FALSE
	EndGlobalSection
	GlobalSection(ExtensibilityGlobals) = postSolution
		SolutionGuid = {B034E4A6-B2B9-4B67-B06B-B80085EF673F}
	EndGlobalSection
EndGlobal
